
Microsoft Visual Studio Solution File, Format Version 12.00
# Visual Studio Version 16
VisualStudioVersion = 16.0.30330.147
MinimumVisualStudioVersion = 10.0.40219.1
Project("{FAE04EC0-301F-11D3-BF4B-00C04F79EFBC}") = "TestNetC45", "TestNetC45\TestNetC45.csproj", "{B47D7E4F-4131-44BE-9108-4310C9716DA4}"
EndProject
Global
	GlobalSection(SolutionConfigurationPlatforms) = preSolution
		Debug|Any CPU = Debug|Any CPU
		Release|Any CPU = Release|Any CPU
	EndGlobalSection
	GlobalSection(ProjectConfigurationPlatforms) = postSolution
		{B47D7E4F-4131-44BE-9108-4310C9716DA4}.Debug|Any CPU.ActiveCfg = Debug|Any CPU
		{B47D7E4F-4131-44BE-9108-4310C9716DA4}.Debug|Any CPU.Build.0 = Debug|Any CPU
		{B47D7E4F-4131-44BE-9108-4310C9716DA4}.Release|Any CPU.ActiveCfg = Release|Any CPU
		{B47D7E4F-4131-44BE-9108-4310C9716DA4}.Release|Any CPU.Build.0 = Release|Any CPU
	EndGlobalSection
	GlobalSection(SolutionProperties) = preSolution
		HideSolutionNode = FALSE
	EndGlobalSection
	GlobalSection(ExtensibilityGlobals) = postSolution
		SolutionGuid = {9171887B-18F8-437F-B1FC-1AE224FE94C6}
	EndGlobalSection
EndGlobal
